// !$*UTF8*$!
{
	archiveVersion = 1;
	classes = {
	};
	objectVersion = 56;
	objects = {

/* Begin PBXBuildFile section */
		295B5C412C5962020035D0A3 /* VertexBuffer.cpp in Sources */ = {isa = PBXBuildFile; fileRef = 295B5C402C5962020035D0A3 /* VertexBuffer.cpp */; };
		295E2D462C556FB500EB0988 /* main.cpp in Sources */ = {isa = PBXBuildFile; fileRef = 295E2D452C556FB500EB0988 /* main.cpp */; };
		295E2D4E2C5570B800EB0988 /* OpenGL.framework in Frameworks */ = {isa = PBXBuildFile; fileRef = 295E2D4D2C5570B800EB0988 /* OpenGL.framework */; };
		295E2D542C55741900EB0988 /* libglfw.3.dylib in Frameworks */ = {isa = PBXBuildFile; fileRef = 295E2D4F2C55719500EB0988 /* libglfw.3.dylib */; };
		295E2D552C55771D00EB0988 /* libglfw.3.dylib in Embed Libraries */ = {isa = PBXBuildFile; fileRef = 295E2D4F2C55719500EB0988 /* libglfw.3.dylib */; };
		29F82E102C595D2E00CF2B54 /* IndexBuffer.cpp in Sources */ = {isa = PBXBuildFile; fileRef = 29F82E0E2C595D2E00CF2B54 /* IndexBuffer.cpp */; };
		29F82E132C595F6600CF2B54 /* Renderer.cpp in Sources */ = {isa = PBXBuildFile; fileRef = 29F82E112C595F6600CF2B54 /* Renderer.cpp */; };
/* End PBXBuildFile section */

/* Begin PBXCopyFilesBuildPhase section */
		295E2D402C556FB500EB0988 /* CopyFiles */ = {
			isa = PBXCopyFilesBuildPhase;
			buildActionMask = 2147483647;
			dstPath = /usr/share/man/man1/;
			dstSubfolderSpec = 0;
			files = (
			);
			runOnlyForDeploymentPostprocessing = 1;
		};
		295E2D562C55771D00EB0988 /* Embed Libraries */ = {
			isa = PBXCopyFilesBuildPhase;
			buildActionMask = 2147483647;
			dstPath = "";
			dstSubfolderSpec = 10;
			files = (
				295E2D552C55771D00EB0988 /* libglfw.3.dylib in Embed Libraries */,
			);
			name = "Embed Libraries";
			runOnlyForDeploymentPostprocessing = 0;
		};
/* End PBXCopyFilesBuildPhase section */

/* Begin PBXFileReference section */
		2928B9562C56CB1E00391A57 /* basic.shader */ = {isa = PBXFileReference; lastKnownFileType = text; path = basic.shader; sourceTree = "<group>"; };
		295B5C402C5962020035D0A3 /* VertexBuffer.cpp */ = {isa = PBXFileReference; fileEncoding = 4; lastKnownFileType = sourcecode.cpp.cpp; name = VertexBuffer.cpp; path = src/VertexBuffer.cpp; sourceTree = "<group>"; };
		295B5C422C59624D0035D0A3 /* IndexBuffer.hpp */ = {isa = PBXFileReference; fileEncoding = 4; lastKnownFileType = sourcecode.cpp.h; name = IndexBuffer.hpp; path = src/IndexBuffer.hpp; sourceTree = "<group>"; };
		295E2D422C556FB500EB0988 /* glhf */ = {isa = PBXFileReference; explicitFileType = "compiled.mach-o.executable"; includeInIndex = 0; path = glhf; sourceTree = BUILT_PRODUCTS_DIR; };
		295E2D452C556FB500EB0988 /* main.cpp */ = {isa = PBXFileReference; lastKnownFileType = sourcecode.cpp.cpp; path = main.cpp; sourceTree = "<group>"; };
		295E2D4D2C5570B800EB0988 /* OpenGL.framework */ = {isa = PBXFileReference; lastKnownFileType = wrapper.framework; name = OpenGL.framework; path = System/Library/Frameworks/OpenGL.framework; sourceTree = SDKROOT; };
		295E2D4F2C55719500EB0988 /* libglfw.3.dylib */ = {isa = PBXFileReference; lastKnownFileType = "compiled.mach-o.dylib"; path = libglfw.3.dylib; sourceTree = "<group>"; };
		295E2D502C55719500EB0988 /* libglfw3.a */ = {isa = PBXFileReference; lastKnownFileType = archive.ar; path = libglfw3.a; sourceTree = "<group>"; };
		29F82E0E2C595D2E00CF2B54 /* IndexBuffer.cpp */ = {isa = PBXFileReference; lastKnownFileType = sourcecode.cpp.cpp; name = IndexBuffer.cpp; path = src/IndexBuffer.cpp; sourceTree = "<group>"; };
		29F82E0F2C595D2E00CF2B54 /* VertexBuffer.hpp */ = {isa = PBXFileReference; lastKnownFileType = sourcecode.cpp.h; name = VertexBuffer.hpp; path = src/VertexBuffer.hpp; sourceTree = "<group>"; };
		29F82E112C595F6600CF2B54 /* Renderer.cpp */ = {isa = PBXFileReference; lastKnownFileType = sourcecode.cpp.cpp; path = Renderer.cpp; sourceTree = "<group>"; };
		29F82E122C595F6600CF2B54 /* Renderer.hpp */ = {isa = PBXFileReference; lastKnownFileType = sourcecode.cpp.h; path = Renderer.hpp; sourceTree = "<group>"; };
/* End PBXFileReference section */

/* Begin PBXFrameworksBuildPhase section */
		295E2D3F2C556FB500EB0988 /* Frameworks */ = {
			isa = PBXFrameworksBuildPhase;
			buildActionMask = 2147483647;
			files = (
				295E2D4E2C5570B800EB0988 /* OpenGL.framework in Frameworks */,
				295E2D542C55741900EB0988 /* libglfw.3.dylib in Frameworks */,
			);
			runOnlyForDeploymentPostprocessing = 0;
		};
/* End PBXFrameworksBuildPhase section */

/* Begin PBXGroup section */
		2928B9542C56CB0700391A57 /* res */ = {
			isa = PBXGroup;
			children = (
				2928B9552C56CB0B00391A57 /* shaders */,
			);
			path = res;
			sourceTree = "<group>";
		};
		2928B9552C56CB0B00391A57 /* shaders */ = {
			isa = PBXGroup;
			children = (
				2928B9562C56CB1E00391A57 /* basic.shader */,
			);
			path = shaders;
			sourceTree = "<group>";
		};
		295E2D392C556FB500EB0988 = {
			isa = PBXGroup;
			children = (
				295E2D442C556FB500EB0988 /* glhf */,
				295E2D432C556FB500EB0988 /* Products */,
				295E2D4C2C5570B800EB0988 /* Frameworks */,
			);
			sourceTree = "<group>";
		};
		295E2D432C556FB500EB0988 /* Products */ = {
			isa = PBXGroup;
			children = (
				295E2D422C556FB500EB0988 /* glhf */,
			);
			name = Products;
			sourceTree = "<group>";
		};
		295E2D442C556FB500EB0988 /* glhf */ = {
			isa = PBXGroup;
			children = (
				2928B9542C56CB0700391A57 /* res */,
				295E2D452C556FB500EB0988 /* main.cpp */,
				29F82E0E2C595D2E00CF2B54 /* IndexBuffer.cpp */,
				295B5C402C5962020035D0A3 /* VertexBuffer.cpp */,
				29F82E0F2C595D2E00CF2B54 /* VertexBuffer.hpp */,
				295B5C422C59624D0035D0A3 /* IndexBuffer.hpp */,
				29F82E112C595F6600CF2B54 /* Renderer.cpp */,
				29F82E122C595F6600CF2B54 /* Renderer.hpp */,
			);
			path = glhf;
			sourceTree = "<group>";
		};
		295E2D4C2C5570B800EB0988 /* Frameworks */ = {
			isa = PBXGroup;
			children = (
				295E2D512C55719500EB0988 /* lib-arm64 */,
				295E2D4D2C5570B800EB0988 /* OpenGL.framework */,
			);
			name = Frameworks;
			sourceTree = "<group>";
		};
		295E2D512C55719500EB0988 /* lib-arm64 */ = {
			isa = PBXGroup;
			children = (
				295E2D4F2C55719500EB0988 /* libglfw.3.dylib */,
				295E2D502C55719500EB0988 /* libglfw3.a */,
			);
			name = "lib-arm64";
			path = "glhf/dependencies/glfw/lib-arm64";
			sourceTree = "<group>";
		};
/* End PBXGroup section */

/* Begin PBXNativeTarget section */
		295E2D412C556FB500EB0988 /* glhf */ = {
			isa = PBXNativeTarget;
			buildConfigurationList = 295E2D492C556FB500EB0988 /* Build configuration list for PBXNativeTarget "glhf" */;
			buildPhases = (
				295E2D3E2C556FB500EB0988 /* Sources */,
				295E2D3F2C556FB500EB0988 /* Frameworks */,
				295E2D402C556FB500EB0988 /* CopyFiles */,
				295E2D562C55771D00EB0988 /* Embed Libraries */,
			);
			buildRules = (
			);
			dependencies = (
			);
			name = glhf;
			productName = glhf;
			productReference = 295E2D422C556FB500EB0988 /* glhf */;
			productType = "com.apple.product-type.tool";
		};
/* End PBXNativeTarget section */

/* Begin PBXProject section */
		295E2D3A2C556FB500EB0988 /* Project object */ = {
			isa = PBXProject;
			attributes = {
				BuildIndependentTargetsInParallel = 1;
				LastUpgradeCheck = 1540;
				TargetAttributes = {
					295E2D412C556FB500EB0988 = {
						CreatedOnToolsVersion = 15.4;
					};
				};
			};
			buildConfigurationList = 295E2D3D2C556FB500EB0988 /* Build configuration list for PBXProject "glhf" */;
			compatibilityVersion = "Xcode 14.0";
			developmentRegion = en;
			hasScannedForEncodings = 0;
			knownRegions = (
				en,
				Base,
			);
			mainGroup = 295E2D392C556FB500EB0988;
			productRefGroup = 295E2D432C556FB500EB0988 /* Products */;
			projectDirPath = "";
			projectRoot = "";
			targets = (
				295E2D412C556FB500EB0988 /* glhf */,
			);
		};
/* End PBXProject section */

/* Begin PBXSourcesBuildPhase section */
		295E2D3E2C556FB500EB0988 /* Sources */ = {
			isa = PBXSourcesBuildPhase;
			buildActionMask = 2147483647;
			files = (
				295B5C412C5962020035D0A3 /* VertexBuffer.cpp in Sources */,
				29F82E132C595F6600CF2B54 /* Renderer.cpp in Sources */,
				295E2D462C556FB500EB0988 /* main.cpp in Sources */,
				29F82E102C595D2E00CF2B54 /* IndexBuffer.cpp in Sources */,
			);
			runOnlyForDeploymentPostprocessing = 0;
		};
/* End PBXSourcesBuildPhase section */

/* Begin XCBuildConfiguration section */
		295E2D472C556FB500EB0988 /* Debug */ = {
			isa = XCBuildConfiguration;
			buildSettings = {
				ALWAYS_SEARCH_USER_PATHS = NO;
				ASSETCATALOG_COMPILER_GENERATE_SWIFT_ASSET_SYMBOL_EXTENSIONS = YES;
				CLANG_ANALYZER_NONNULL = YES;
				CLANG_ANALYZER_NUMBER_OBJECT_CONVERSION = YES_AGGRESSIVE;
				CLANG_CXX_LANGUAGE_STANDARD = "gnu++20";
				CLANG_ENABLE_MODULES = YES;
				CLANG_ENABLE_OBJC_ARC = YES;
				CLANG_ENABLE_OBJC_WEAK = YES;
				CLANG_WARN_BLOCK_CAPTURE_AUTORELEASING = YES;
				CLANG_WARN_BOOL_CONVERSION = YES;
				CLANG_WARN_COMMA = YES;
				CLANG_WARN_CONSTANT_CONVERSION = YES;
				CLANG_WARN_DEPRECATED_OBJC_IMPLEMENTATIONS = YES;
				CLANG_WARN_DIRECT_OBJC_ISA_USAGE = YES_ERROR;
				CLANG_WARN_DOCUMENTATION_COMMENTS = YES;
				CLANG_WARN_EMPTY_BODY = YES;
				CLANG_WARN_ENUM_CONVERSION = YES;
				CLANG_WARN_INFINITE_RECURSION = YES;
				CLANG_WARN_INT_CONVERSION = YES;
				CLANG_WARN_NON_LITERAL_NULL_CONVERSION = YES;
				CLANG_WARN_OBJC_IMPLICIT_RETAIN_SELF = YES;
				CLANG_WARN_OBJC_LITERAL_CONVERSION = YES;
				CLANG_WARN_OBJC_ROOT_CLASS = YES_ERROR;
				CLANG_WARN_QUOTED_INCLUDE_IN_FRAMEWORK_HEADER = YES;
				CLANG_WARN_RANGE_LOOP_ANALYSIS = YES;
				CLANG_WARN_STRICT_PROTOTYPES = YES;
				CLANG_WARN_SUSPICIOUS_MOVE = YES;
				CLANG_WARN_UNGUARDED_AVAILABILITY = YES_AGGRESSIVE;
				CLANG_WARN_UNREACHABLE_CODE = YES;
				CLANG_WARN__DUPLICATE_METHOD_MATCH = YES;
				COPY_PHASE_STRIP = NO;
				DEBUG_INFORMATION_FORMAT = dwarf;
				ENABLE_STRICT_OBJC_MSGSEND = YES;
				ENABLE_TESTABILITY = YES;
				ENABLE_USER_SCRIPT_SANDBOXING = YES;
				GCC_C_LANGUAGE_STANDARD = gnu17;
				GCC_DYNAMIC_NO_PIC = NO;
				GCC_NO_COMMON_BLOCKS = YES;
				GCC_OPTIMIZATION_LEVEL = 0;
				GCC_PREPROCESSOR_DEFINITIONS = (
					"DEBUG=1",
					"$(inherited)",
				);
				GCC_WARN_64_TO_32_BIT_CONVERSION = YES;
				GCC_WARN_ABOUT_RETURN_TYPE = YES_ERROR;
				GCC_WARN_UNDECLARED_SELECTOR = YES;
				GCC_WARN_UNINITIALIZED_AUTOS = YES_AGGRESSIVE;
				GCC_WARN_UNUSED_FUNCTION = YES;
				GCC_WARN_UNUSED_VARIABLE = YES;
				LOCALIZATION_PREFERS_STRING_CATALOGS = YES;
				MACOSX_DEPLOYMENT_TARGET = 14.2;
				MTL_ENABLE_DEBUG_INFO = INCLUDE_SOURCE;
				MTL_FAST_MATH = YES;
				ONLY_ACTIVE_ARCH = YES;
				SDKROOT = macosx;
			};
			name = Debug;
		};
		295E2D482C556FB500EB0988 /* Release */ = {
			isa = XCBuildConfiguration;
			buildSettings = {
				ALWAYS_SEARCH_USER_PATHS = NO;
				ASSETCATALOG_COMPILER_GENERATE_SWIFT_ASSET_SYMBOL_EXTENSIONS = YES;
				CLANG_ANALYZER_NONNULL = YES;
				CLANG_ANALYZER_NUMBER_OBJECT_CONVERSION = YES_AGGRESSIVE;
				CLANG_CXX_LANGUAGE_STANDARD = "gnu++20";
				CLANG_ENABLE_MODULES = YES;
				CLANG_ENABLE_OBJC_ARC = YES;
				CLANG_ENABLE_OBJC_WEAK = YES;
				CLANG_WARN_BLOCK_CAPTURE_AUTORELEASING = YES;
				CLANG_WARN_BOOL_CONVERSION = YES;
				CLANG_WARN_COMMA = YES;
				CLANG_WARN_CONSTANT_CONVERSION = YES;
				CLANG_WARN_DEPRECATED_OBJC_IMPLEMENTATIONS = YES;
				CLANG_WARN_DIRECT_OBJC_ISA_USAGE = YES_ERROR;
				CLANG_WARN_DOCUMENTATION_COMMENTS = YES;
				CLANG_WARN_EMPTY_BODY = YES;
				CLANG_WARN_ENUM_CONVERSION = YES;
				CLANG_WARN_INFINITE_RECURSION = YES;
				CLANG_WARN_INT_CONVERSION = YES;
				CLANG_WARN_NON_LITERAL_NULL_CONVERSION = YES;
				CLANG_WARN_OBJC_IMPLICIT_RETAIN_SELF = YES;
				CLANG_WARN_OBJC_LITERAL_CONVERSION = YES;
				CLANG_WARN_OBJC_ROOT_CLASS = YES_ERROR;
				CLANG_WARN_QUOTED_INCLUDE_IN_FRAMEWORK_HEADER = YES;
				CLANG_WARN_RANGE_LOOP_ANALYSIS = YES;
				CLANG_WARN_STRICT_PROTOTYPES = YES;
				CLANG_WARN_SUSPICIOUS_MOVE = YES;
				CLANG_WARN_UNGUARDED_AVAILABILITY = YES_AGGRESSIVE;
				CLANG_WARN_UNREACHABLE_CODE = YES;
				CLANG_WARN__DUPLICATE_METHOD_MATCH = YES;
				COPY_PHASE_STRIP = NO;
				DEBUG_INFORMATION_FORMAT = "dwarf-with-dsym";
				ENABLE_NS_ASSERTIONS = NO;
				ENABLE_STRICT_OBJC_MSGSEND = YES;
				ENABLE_USER_SCRIPT_SANDBOXING = YES;
				GCC_C_LANGUAGE_STANDARD = gnu17;
				GCC_NO_COMMON_BLOCKS = YES;
				GCC_WARN_64_TO_32_BIT_CONVERSION = YES;
				GCC_WARN_ABOUT_RETURN_TYPE = YES_ERROR;
				GCC_WARN_UNDECLARED_SELECTOR = YES;
				GCC_WARN_UNINITIALIZED_AUTOS = YES_AGGRESSIVE;
				GCC_WARN_UNUSED_FUNCTION = YES;
				GCC_WARN_UNUSED_VARIABLE = YES;
				LOCALIZATION_PREFERS_STRING_CATALOGS = YES;
				MACOSX_DEPLOYMENT_TARGET = 14.2;
				MTL_ENABLE_DEBUG_INFO = NO;
				MTL_FAST_MATH = YES;
				SDKROOT = macosx;
			};
			name = Release;
		};
		295E2D4A2C556FB500EB0988 /* Debug */ = {
			isa = XCBuildConfiguration;
			buildSettings = {
				CODE_SIGN_IDENTITY = "-";
				CODE_SIGN_STYLE = Automatic;
				HEADER_SEARCH_PATHS = /Users/lulz/dev/glhf/glhf/dependencies/glfw/include/;
				LIBRARY_SEARCH_PATHS = (
					"$(inherited)",
					"$(PROJECT_DIR)/glhf/dependencies/glfw/lib-arm64",
				);
				PRODUCT_NAME = "$(TARGET_NAME)";
			};
			name = Debug;
		};
		295E2D4B2C556FB500EB0988 /* Release */ = {
			isa = XCBuildConfiguration;
			buildSettings = {
				CODE_SIGN_IDENTITY = "-";
				CODE_SIGN_STYLE = Automatic;
				HEADER_SEARCH_PATHS = /Users/lulz/dev/glhf/glhf/dependencies/glfw/include/;
				LIBRARY_SEARCH_PATHS = (
					"$(inherited)",
					"$(PROJECT_DIR)/glhf/dependencies/glfw/lib-arm64",
				);
				PRODUCT_NAME = "$(TARGET_NAME)";
			};
			name = Release;
		};
/* End XCBuildConfiguration section */

/* Begin XCConfigurationList section */
		295E2D3D2C556FB500EB0988 /* Build configuration list for PBXProject "glhf" */ = {
			isa = XCConfigurationList;
			buildConfigurations = (
				295E2D472C556FB500EB0988 /* Debug */,
				295E2D482C556FB500EB0988 /* Release */,
			);
			defaultConfigurationIsVisible = 0;
			defaultConfigurationName = Release;
		};
		295E2D492C556FB500EB0988 /* Build configuration list for PBXNativeTarget "glhf" */ = {
			isa = XCConfigurationList;
			buildConfigurations = (
				295E2D4A2C556FB500EB0988 /* Debug */,
				295E2D4B2C556FB500EB0988 /* Release */,
			);
			defaultConfigurationIsVisible = 0;
			defaultConfigurationName = Release;
		};
/* End XCConfigurationList section */
	};
	rootObject = 295E2D3A2C556FB500EB0988 /* Project object */;
}
